
Microsoft Visual Studio Solution File, Format Version 12.00
# Visual Studio Version 17
VisualStudioVersion = 17.2.32630.192
MinimumVisualStudioVersion = 10.0.40219.1
Project("{FAE04EC0-301F-11D3-BF4B-00C04F79EFBC}") = "VintageEngineering", "VintageEngineering\VintageEngineering.csproj", "{2783C334-B09B-41E0-B6C3-3EA3C0834340}"
EndProject
Global
	GlobalSection(SolutionConfigurationPlatforms) = preSolution
		Debug|Any CPU = Debug|Any CPU
		Release|Any CPU = Release|Any CPU
	EndGlobalSection
	GlobalSection(ProjectConfigurationPlatforms) = postSolution
		{2783C334-B09B-41E0-B6C3-3EA3C0834340}.Debug|Any CPU.ActiveCfg = Debug|Any CPU
		{2783C334-B09B-41E0-B6C3-3EA3C0834340}.Debug|Any CPU.Build.0 = Debug|Any CPU
		{2783C334-B09B-41E0-B6C3-3EA3C0834340}.Release|Any CPU.ActiveCfg = Release|Any CPU
		{2783C334-B09B-41E0-B6C3-3EA3C0834340}.Release|Any CPU.Build.0 = Release|Any CPU
	EndGlobalSection
	GlobalSection(SolutionProperties) = preSolution
		HideSolutionNode = FALSE
	EndGlobalSection
	GlobalSection(ExtensibilityGlobals) = postSolution
		SolutionGuid = {7DB7FB20-ACB5-4563-BD95-32849B89B33D}
	EndGlobalSection
EndGlobal
